// !$*UTF8*$!
{
	archiveVersion = 1;
	classes = {
	};
	objectVersion = 46;
	objects = {

/* Begin PBXBuildFile section */
		BC1102E31ECC134B002B5D89 /* AboutUs.swift in Sources */ = {isa = PBXBuildFile; fileRef = BC1102E21ECC134B002B5D89 /* AboutUs.swift */; };
		BC9F6E3F1EB1A7F100EAEEF3 /* AppDelegate.swift in Sources */ = {isa = PBXBuildFile; fileRef = BC9F6E3E1EB1A7F100EAEEF3 /* AppDelegate.swift */; };
		BC9F6E411EB1A7F100EAEEF3 /* ViewController.swift in Sources */ = {isa = PBXBuildFile; fileRef = BC9F6E401EB1A7F100EAEEF3 /* ViewController.swift */; };
		BC9F6E441EB1A7F100EAEEF3 /* Main.storyboard in Resources */ = {isa = PBXBuildFile; fileRef = BC9F6E421EB1A7F100EAEEF3 /* Main.storyboard */; };
		BC9F6E461EB1A7F100EAEEF3 /* Assets.xcassets in Resources */ = {isa = PBXBuildFile; fileRef = BC9F6E451EB1A7F100EAEEF3 /* Assets.xcassets */; };
		BC9F6E491EB1A7F100EAEEF3 /* LaunchScreen.storyboard in Resources */ = {isa = PBXBuildFile; fileRef = BC9F6E471EB1A7F100EAEEF3 /* LaunchScreen.storyboard */; };
		BC9F6E541EB1A7F100EAEEF3 /* RaceMyCarTests.swift in Sources */ = {isa = PBXBuildFile; fileRef = BC9F6E531EB1A7F100EAEEF3 /* RaceMyCarTests.swift */; };
		BC9F6E5F1EB1A7F100EAEEF3 /* RaceMyCarUITests.swift in Sources */ = {isa = PBXBuildFile; fileRef = BC9F6E5E1EB1A7F100EAEEF3 /* RaceMyCarUITests.swift */; };
		BCBBD5091ECB037400546708 /* AvailableCars.swift in Sources */ = {isa = PBXBuildFile; fileRef = BCBBD5081ECB037400546708 /* AvailableCars.swift */; };
		BCDDF1811ECC2920006766F7 /* Enquiry.swift in Sources */ = {isa = PBXBuildFile; fileRef = BCDDF1801ECC2920006766F7 /* Enquiry.swift */; };
		BCE5C5D61ECBF1560055127E /* MapKit.framework in Frameworks */ = {isa = PBXBuildFile; fileRef = BCE5C5D51ECBF1560055127E /* MapKit.framework */; };
		BCE5C5DA1ECBF4B10055127E /* ViewBooking.swift in Sources */ = {isa = PBXBuildFile; fileRef = BCE5C5D91ECBF4B10055127E /* ViewBooking.swift */; };
/* End PBXBuildFile section */

/* Begin PBXContainerItemProxy section */
		BC9F6E501EB1A7F100EAEEF3 /* PBXContainerItemProxy */ = {
			isa = PBXContainerItemProxy;
			containerPortal = BC9F6E331EB1A7F100EAEEF3 /* Project object */;
			proxyType = 1;
			remoteGlobalIDString = BC9F6E3A1EB1A7F100EAEEF3;
			remoteInfo = RaceMyCar;
		};
		BC9F6E5B1EB1A7F100EAEEF3 /* PBXContainerItemProxy */ = {
			isa = PBXContainerItemProxy;
			containerPortal = BC9F6E331EB1A7F100EAEEF3 /* Project object */;
			proxyType = 1;
			remoteGlobalIDString = BC9F6E3A1EB1A7F100EAEEF3;
			remoteInfo = RaceMyCar;
		};
/* End PBXContainerItemProxy section */

/* Begin PBXFileReference section */
		BC1102E21ECC134B002B5D89 /* AboutUs.swift */ = {isa = PBXFileReference; fileEncoding = 4; lastKnownFileType = sourcecode.swift; path = AboutUs.swift; sourceTree = "<group>"; };
		BC9F6E3B1EB1A7F100EAEEF3 /* RaceMyCar.app */ = {isa = PBXFileReference; explicitFileType = wrapper.application; includeInIndex = 0; path = RaceMyCar.app; sourceTree = BUILT_PRODUCTS_DIR; };
		BC9F6E3E1EB1A7F100EAEEF3 /* AppDelegate.swift */ = {isa = PBXFileReference; lastKnownFileType = sourcecode.swift; path = AppDelegate.swift; sourceTree = "<group>"; };
		BC9F6E401EB1A7F100EAEEF3 /* ViewController.swift */ = {isa = PBXFileReference; lastKnownFileType = sourcecode.swift; path = ViewController.swift; sourceTree = "<group>"; };
		BC9F6E431EB1A7F100EAEEF3 /* Base */ = {isa = PBXFileReference; lastKnownFileType = file.storyboard; name = Base; path = Base.lproj/Main.storyboard; sourceTree = "<group>"; };
		BC9F6E451EB1A7F100EAEEF3 /* Assets.xcassets */ = {isa = PBXFileReference; lastKnownFileType = folder.assetcatalog; path = Assets.xcassets; sourceTree = "<group>"; };
		BC9F6E481EB1A7F100EAEEF3 /* Base */ = {isa = PBXFileReference; lastKnownFileType = file.storyboard; name = Base; path = Base.lproj/LaunchScreen.storyboard; sourceTree = "<group>"; };
		BC9F6E4A1EB1A7F100EAEEF3 /* Info.plist */ = {isa = PBXFileReference; lastKnownFileType = text.plist.xml; path = Info.plist; sourceTree = "<group>"; };
		BC9F6E4F1EB1A7F100EAEEF3 /* RaceMyCarTests.xctest */ = {isa = PBXFileReference; explicitFileType = wrapper.cfbundle; includeInIndex = 0; path = RaceMyCarTests.xctest; sourceTree = BUILT_PRODUCTS_DIR; };
		BC9F6E531EB1A7F100EAEEF3 /* RaceMyCarTests.swift */ = {isa = PBXFileReference; lastKnownFileType = sourcecode.swift; path = RaceMyCarTests.swift; sourceTree = "<group>"; };
		BC9F6E551EB1A7F100EAEEF3 /* Info.plist */ = {isa = PBXFileReference; lastKnownFileType = text.plist.xml; path = Info.plist; sourceTree = "<group>"; };
		BC9F6E5A1EB1A7F100EAEEF3 /* RaceMyCarUITests.xctest */ = {isa = PBXFileReference; explicitFileType = wrapper.cfbundle; includeInIndex = 0; path = RaceMyCarUITests.xctest; sourceTree = BUILT_PRODUCTS_DIR; };
		BC9F6E5E1EB1A7F100EAEEF3 /* RaceMyCarUITests.swift */ = {isa = PBXFileReference; lastKnownFileType = sourcecode.swift; path = RaceMyCarUITests.swift; sourceTree = "<group>"; };
		BC9F6E601EB1A7F100EAEEF3 /* Info.plist */ = {isa = PBXFileReference; lastKnownFileType = text.plist.xml; path = Info.plist; sourceTree = "<group>"; };
		BCBBD5081ECB037400546708 /* AvailableCars.swift */ = {isa = PBXFileReference; fileEncoding = 4; lastKnownFileType = sourcecode.swift; path = AvailableCars.swift; sourceTree = "<group>"; };
		BCDDF1801ECC2920006766F7 /* Enquiry.swift */ = {isa = PBXFileReference; fileEncoding = 4; lastKnownFileType = sourcecode.swift; path = Enquiry.swift; sourceTree = "<group>"; };
		BCE5C5D51ECBF1560055127E /* MapKit.framework */ = {isa = PBXFileReference; lastKnownFileType = wrapper.framework; name = MapKit.framework; path = System/Library/Frameworks/MapKit.framework; sourceTree = SDKROOT; };
		BCE5C5D91ECBF4B10055127E /* ViewBooking.swift */ = {isa = PBXFileReference; fileEncoding = 4; lastKnownFileType = sourcecode.swift; path = ViewBooking.swift; sourceTree = "<group>"; };
/* End PBXFileReference section */

/* Begin PBXFrameworksBuildPhase section */
		BC9F6E381EB1A7F100EAEEF3 /* Frameworks */ = {
			isa = PBXFrameworksBuildPhase;
			buildActionMask = 2147483647;
			files = (
				BCE5C5D61ECBF1560055127E /* MapKit.framework in Frameworks */,
			);
			runOnlyForDeploymentPostprocessing = 0;
		};
		BC9F6E4C1EB1A7F100EAEEF3 /* Frameworks */ = {
			isa = PBXFrameworksBuildPhase;
			buildActionMask = 2147483647;
			files = (
			);
			runOnlyForDeploymentPostprocessing = 0;
		};
		BC9F6E571EB1A7F100EAEEF3 /* Frameworks */ = {
			isa = PBXFrameworksBuildPhase;
			buildActionMask = 2147483647;
			files = (
			);
			runOnlyForDeploymentPostprocessing = 0;
		};
/* End PBXFrameworksBuildPhase section */

/* Begin PBXGroup section */
		BC9F6E321EB1A7F100EAEEF3 = {
			isa = PBXGroup;
			children = (
				BC9F6E3D1EB1A7F100EAEEF3 /* RaceMyCar */,
				BC9F6E521EB1A7F100EAEEF3 /* RaceMyCarTests */,
				BC9F6E5D1EB1A7F100EAEEF3 /* RaceMyCarUITests */,
				BC9F6E3C1EB1A7F100EAEEF3 /* Products */,
				BCE5C5D41ECBF1560055127E /* Frameworks */,
			);
			sourceTree = "<group>";
		};
		BC9F6E3C1EB1A7F100EAEEF3 /* Products */ = {
			isa = PBXGroup;
			children = (
				BC9F6E3B1EB1A7F100EAEEF3 /* RaceMyCar.app */,
				BC9F6E4F1EB1A7F100EAEEF3 /* RaceMyCarTests.xctest */,
				BC9F6E5A1EB1A7F100EAEEF3 /* RaceMyCarUITests.xctest */,
			);
			name = Products;
			sourceTree = "<group>";
		};
		BC9F6E3D1EB1A7F100EAEEF3 /* RaceMyCar */ = {
			isa = PBXGroup;
			children = (
				BC9F6E3E1EB1A7F100EAEEF3 /* AppDelegate.swift */,
				BC9F6E401EB1A7F100EAEEF3 /* ViewController.swift */,
				BC9F6E421EB1A7F100EAEEF3 /* Main.storyboard */,
				BCDDF1801ECC2920006766F7 /* Enquiry.swift */,
				BC1102E21ECC134B002B5D89 /* AboutUs.swift */,
				BCE5C5D91ECBF4B10055127E /* ViewBooking.swift */,
				BCBBD5081ECB037400546708 /* AvailableCars.swift */,
				BC9F6E451EB1A7F100EAEEF3 /* Assets.xcassets */,
				BC9F6E471EB1A7F100EAEEF3 /* LaunchScreen.storyboard */,
				BC9F6E4A1EB1A7F100EAEEF3 /* Info.plist */,
			);
			path = RaceMyCar;
			sourceTree = "<group>";
		};
		BC9F6E521EB1A7F100EAEEF3 /* RaceMyCarTests */ = {
			isa = PBXGroup;
			children = (
				BC9F6E531EB1A7F100EAEEF3 /* RaceMyCarTests.swift */,
				BC9F6E551EB1A7F100EAEEF3 /* Info.plist */,
			);
			path = RaceMyCarTests;
			sourceTree = "<group>";
		};
		BC9F6E5D1EB1A7F100EAEEF3 /* RaceMyCarUITests */ = {
			isa = PBXGroup;
			children = (
				BC9F6E5E1EB1A7F100EAEEF3 /* RaceMyCarUITests.swift */,
				BC9F6E601EB1A7F100EAEEF3 /* Info.plist */,
			);
			path = RaceMyCarUITests;
			sourceTree = "<group>";
		};
		BCE5C5D41ECBF1560055127E /* Frameworks */ = {
			isa = PBXGroup;
			children = (
				BCE5C5D51ECBF1560055127E /* MapKit.framework */,
			);
			name = Frameworks;
			sourceTree = "<group>";
		};
/* End PBXGroup section */

/* Begin PBXNativeTarget section */
		BC9F6E3A1EB1A7F100EAEEF3 /* RaceMyCar */ = {
			isa = PBXNativeTarget;
			buildConfigurationList = BC9F6E631EB1A7F100EAEEF3 /* Build configuration list for PBXNativeTarget "RaceMyCar" */;
			buildPhases = (
				BC9F6E371EB1A7F100EAEEF3 /* Sources */,
				BC9F6E381EB1A7F100EAEEF3 /* Frameworks */,
				BC9F6E391EB1A7F100EAEEF3 /* Resources */,
			);
			buildRules = (
			);
			dependencies = (
			);
			name = RaceMyCar;
			productName = RaceMyCar;
			productReference = BC9F6E3B1EB1A7F100EAEEF3 /* RaceMyCar.app */;
			productType = "com.apple.product-type.application";
		};
		BC9F6E4E1EB1A7F100EAEEF3 /* RaceMyCarTests */ = {
			isa = PBXNativeTarget;
			buildConfigurationList = BC9F6E661EB1A7F100EAEEF3 /* Build configuration list for PBXNativeTarget "RaceMyCarTests" */;
			buildPhases = (
				BC9F6E4B1EB1A7F100EAEEF3 /* Sources */,
				BC9F6E4C1EB1A7F100EAEEF3 /* Frameworks */,
				BC9F6E4D1EB1A7F100EAEEF3 /* Resources */,
			);
			buildRules = (
			);
			dependencies = (
				BC9F6E511EB1A7F100EAEEF3 /* PBXTargetDependency */,
			);
			name = RaceMyCarTests;
			productName = RaceMyCarTests;
			productReference = BC9F6E4F1EB1A7F100EAEEF3 /* RaceMyCarTests.xctest */;
			productType = "com.apple.product-type.bundle.unit-test";
		};
		BC9F6E591EB1A7F100EAEEF3 /* RaceMyCarUITests */ = {
			isa = PBXNativeTarget;
			buildConfigurationList = BC9F6E691EB1A7F100EAEEF3 /* Build configuration list for PBXNativeTarget "RaceMyCarUITests" */;
			buildPhases = (
				BC9F6E561EB1A7F100EAEEF3 /* Sources */,
				BC9F6E571EB1A7F100EAEEF3 /* Frameworks */,
				BC9F6E581EB1A7F100EAEEF3 /* Resources */,
			);
			buildRules = (
			);
			dependencies = (
				BC9F6E5C1EB1A7F100EAEEF3 /* PBXTargetDependency */,
			);
			name = RaceMyCarUITests;
			productName = RaceMyCarUITests;
			productReference = BC9F6E5A1EB1A7F100EAEEF3 /* RaceMyCarUITests.xctest */;
			productType = "com.apple.product-type.bundle.ui-testing";
		};
/* End PBXNativeTarget section */

/* Begin PBXProject section */
		BC9F6E331EB1A7F100EAEEF3 /* Project object */ = {
			isa = PBXProject;
			attributes = {
				LastSwiftUpdateCheck = 0820;
				LastUpgradeCheck = 0820;
				ORGANIZATIONNAME = "John Bulauan";
				TargetAttributes = {
					BC9F6E3A1EB1A7F100EAEEF3 = {
						CreatedOnToolsVersion = 8.2.1;
						ProvisioningStyle = Automatic;
						SystemCapabilities = {
							com.apple.Maps.iOS = {
								enabled = 1;
							};
						};
					};
					BC9F6E4E1EB1A7F100EAEEF3 = {
						CreatedOnToolsVersion = 8.2.1;
						ProvisioningStyle = Automatic;
						TestTargetID = BC9F6E3A1EB1A7F100EAEEF3;
					};
					BC9F6E591EB1A7F100EAEEF3 = {
						CreatedOnToolsVersion = 8.2.1;
						ProvisioningStyle = Automatic;
						TestTargetID = BC9F6E3A1EB1A7F100EAEEF3;
					};
				};
			};
			buildConfigurationList = BC9F6E361EB1A7F100EAEEF3 /* Build configuration list for PBXProject "RaceMyCar" */;
			compatibilityVersion = "Xcode 3.2";
			developmentRegion = English;
			hasScannedForEncodings = 0;
			knownRegions = (
				en,
				Base,
			);
			mainGroup = BC9F6E321EB1A7F100EAEEF3;
			productRefGroup = BC9F6E3C1EB1A7F100EAEEF3 /* Products */;
			projectDirPath = "";
			projectRoot = "";
			targets = (
				BC9F6E3A1EB1A7F100EAEEF3 /* RaceMyCar */,
				BC9F6E4E1EB1A7F100EAEEF3 /* RaceMyCarTests */,
				BC9F6E591EB1A7F100EAEEF3 /* RaceMyCarUITests */,
			);
		};
/* End PBXProject section */

/* Begin PBXResourcesBuildPhase section */
		BC9F6E391EB1A7F100EAEEF3 /* Resources */ = {
			isa = PBXResourcesBuildPhase;
			buildActionMask = 2147483647;
			files = (
				BC9F6E491EB1A7F100EAEEF3 /* LaunchScreen.storyboard in Resources */,
				BC9F6E461EB1A7F100EAEEF3 /* Assets.xcassets in Resources */,
				BC9F6E441EB1A7F100EAEEF3 /* Main.storyboard in Resources */,
			);
			runOnlyForDeploymentPostprocessing = 0;
		};
		BC9F6E4D1EB1A7F100EAEEF3 /* Resources */ = {
			isa = PBXResourcesBuildPhase;
			buildActionMask = 2147483647;
			files = (
			);
			runOnlyForDeploymentPostprocessing = 0;
		};
		BC9F6E581EB1A7F100EAEEF3 /* Resources */ = {
			isa = PBXResourcesBuildPhase;
			buildActionMask = 2147483647;
			files = (
			);
			runOnlyForDeploymentPostprocessing = 0;
		};
/* End PBXResourcesBuildPhase section */

/* Begin PBXSourcesBuildPhase section */
		BC9F6E371EB1A7F100EAEEF3 /* Sources */ = {
			isa = PBXSourcesBuildPhase;
			buildActionMask = 2147483647;
			files = (
				BCE5C5DA1ECBF4B10055127E /* ViewBooking.swift in Sources */,
				BCDDF1811ECC2920006766F7 /* Enquiry.swift in Sources */,
				BC9F6E411EB1A7F100EAEEF3 /* ViewController.swift in Sources */,
				BC1102E31ECC134B002B5D89 /* AboutUs.swift in Sources */,
				BC9F6E3F1EB1A7F100EAEEF3 /* AppDelegate.swift in Sources */,
				BCBBD5091ECB037400546708 /* AvailableCars.swift in Sources */,
			);
			runOnlyForDeploymentPostprocessing = 0;
		};
		BC9F6E4B1EB1A7F100EAEEF3 /* Sources */ = {
			isa = PBXSourcesBuildPhase;
			buildActionMask = 2147483647;
			files = (
				BC9F6E541EB1A7F100EAEEF3 /* RaceMyCarTests.swift in Sources */,
			);
			runOnlyForDeploymentPostprocessing = 0;
		};
		BC9F6E561EB1A7F100EAEEF3 /* Sources */ = {
			isa = PBXSourcesBuildPhase;
			buildActionMask = 2147483647;
			files = (
				BC9F6E5F1EB1A7F100EAEEF3 /* RaceMyCarUITests.swift in Sources */,
			);
			runOnlyForDeploymentPostprocessing = 0;
		};
/* End PBXSourcesBuildPhase section */

/* Begin PBXTargetDependency section */
		BC9F6E511EB1A7F100EAEEF3 /* PBXTargetDependency */ = {
			isa = PBXTargetDependency;
			target = BC9F6E3A1EB1A7F100EAEEF3 /* RaceMyCar */;
			targetProxy = BC9F6E501EB1A7F100EAEEF3 /* PBXContainerItemProxy */;
		};
		BC9F6E5C1EB1A7F100EAEEF3 /* PBXTargetDependency */ = {
			isa = PBXTargetDependency;
			target = BC9F6E3A1EB1A7F100EAEEF3 /* RaceMyCar */;
			targetProxy = BC9F6E5B1EB1A7F100EAEEF3 /* PBXContainerItemProxy */;
		};
/* End PBXTargetDependency section */

/* Begin PBXVariantGroup section */
		BC9F6E421EB1A7F100EAEEF3 /* Main.storyboard */ = {
			isa = PBXVariantGroup;
			children = (
				BC9F6E431EB1A7F100EAEEF3 /* Base */,
			);
			name = Main.storyboard;
			sourceTree = "<group>";
		};
		BC9F6E471EB1A7F100EAEEF3 /* LaunchScreen.storyboard */ = {
			isa = PBXVariantGroup;
			children = (
				BC9F6E481EB1A7F100EAEEF3 /* Base */,
			);
			name = LaunchScreen.storyboard;
			sourceTree = "<group>";
		};
/* End PBXVariantGroup section */

/* Begin XCBuildConfiguration section */
		BC9F6E611EB1A7F100EAEEF3 /* Debug */ = {
			isa = XCBuildConfiguration;
			buildSettings = {
				ALWAYS_SEARCH_USER_PATHS = NO;
				CLANG_ANALYZER_NONNULL = YES;
				CLANG_CXX_LANGUAGE_STANDARD = "gnu++0x";
				CLANG_CXX_LIBRARY = "libc++";
				CLANG_ENABLE_MODULES = YES;
				CLANG_ENABLE_OBJC_ARC = YES;
				CLANG_WARN_BOOL_CONVERSION = YES;
				CLANG_WARN_CONSTANT_CONVERSION = YES;
				CLANG_WARN_DIRECT_OBJC_ISA_USAGE = YES_ERROR;
				CLANG_WARN_DOCUMENTATION_COMMENTS = YES;
				CLANG_WARN_EMPTY_BODY = YES;
				CLANG_WARN_ENUM_CONVERSION = YES;
				CLANG_WARN_INFINITE_RECURSION = YES;
				CLANG_WARN_INT_CONVERSION = YES;
				CLANG_WARN_OBJC_ROOT_CLASS = YES_ERROR;
				CLANG_WARN_SUSPICIOUS_MOVE = YES;
				CLANG_WARN_UNREACHABLE_CODE = YES;
				CLANG_WARN__DUPLICATE_METHOD_MATCH = YES;
				"CODE_SIGN_IDENTITY[sdk=iphoneos*]" = "iPhone Developer";
				COPY_PHASE_STRIP = NO;
				DEBUG_INFORMATION_FORMAT = dwarf;
				ENABLE_STRICT_OBJC_MSGSEND = YES;
				ENABLE_TESTABILITY = YES;
				GCC_C_LANGUAGE_STANDARD = gnu99;
				GCC_DYNAMIC_NO_PIC = NO;
				GCC_NO_COMMON_BLOCKS = YES;
				GCC_OPTIMIZATION_LEVEL = 0;
				GCC_PREPROCESSOR_DEFINITIONS = (
					"DEBUG=1",
					"$(inherited)",
				);
				GCC_WARN_64_TO_32_BIT_CONVERSION = YES;
				GCC_WARN_ABOUT_RETURN_TYPE = YES_ERROR;
				GCC_WARN_UNDECLARED_SELECTOR = YES;
				GCC_WARN_UNINITIALIZED_AUTOS = YES_AGGRESSIVE;
				GCC_WARN_UNUSED_FUNCTION = YES;
				GCC_WARN_UNUSED_VARIABLE = YES;
				IPHONEOS_DEPLOYMENT_TARGET = 10.2;
				MTL_ENABLE_DEBUG_INFO = YES;
				ONLY_ACTIVE_ARCH = YES;
				SDKROOT = iphoneos;
				SWIFT_ACTIVE_COMPILATION_CONDITIONS = DEBUG;
				SWIFT_OPTIMIZATION_LEVEL = "-Onone";
				TARGETED_DEVICE_FAMILY = "1,2";
			};
			name = Debug;
		};
		BC9F6E621EB1A7F100EAEEF3 /* Release */ = {
			isa = XCBuildConfiguration;
			buildSettings = {
				ALWAYS_SEARCH_USER_PATHS = NO;
				CLANG_ANALYZER_NONNULL = YES;
				CLANG_CXX_LANGUAGE_STANDARD = "gnu++0x";
				CLANG_CXX_LIBRARY = "libc++";
				CLANG_ENABLE_MODULES = YES;
				CLANG_ENABLE_OBJC_ARC = YES;
				CLANG_WARN_BOOL_CONVERSION = YES;
				CLANG_WARN_CONSTANT_CONVERSION = YES;
				CLANG_WARN_DIRECT_OBJC_ISA_USAGE = YES_ERROR;
				CLANG_WARN_DOCUMENTATION_COMMENTS = YES;
				CLANG_WARN_EMPTY_BODY = YES;
				CLANG_WARN_ENUM_CONVERSION = YES;
				CLANG_WARN_INFINITE_RECURSION = YES;
				CLANG_WARN_INT_CONVERSION = YES;
				CLANG_WARN_OBJC_ROOT_CLASS = YES_ERROR;
				CLANG_WARN_SUSPICIOUS_MOVE = YES;
				CLANG_WARN_UNREACHABLE_CODE = YES;
				CLANG_WARN__DUPLICATE_METHOD_MATCH = YES;
				"CODE_SIGN_IDENTITY[sdk=iphoneos*]" = "iPhone Developer";
				COPY_PHASE_STRIP = NO;
				DEBUG_INFORMATION_FORMAT = "dwarf-with-dsym";
				ENABLE_NS_ASSERTIONS = NO;
				ENABLE_STRICT_OBJC_MSGSEND = YES;
				GCC_C_LANGUAGE_STANDARD = gnu99;
				GCC_NO_COMMON_BLOCKS = YES;
				GCC_WARN_64_TO_32_BIT_CONVERSION = YES;
				GCC_WARN_ABOUT_RETURN_TYPE = YES_ERROR;
				GCC_WARN_UNDECLARED_SELECTOR = YES;
				GCC_WARN_UNINITIALIZED_AUTOS = YES_AGGRESSIVE;
				GCC_WARN_UNUSED_FUNCTION = YES;
				GCC_WARN_UNUSED_VARIABLE = YES;
				IPHONEOS_DEPLOYMENT_TARGET = 10.2;
				MTL_ENABLE_DEBUG_INFO = NO;
				SDKROOT = iphoneos;
				SWIFT_OPTIMIZATION_LEVEL = "-Owholemodule";
				TARGETED_DEVICE_FAMILY = "1,2";
				VALIDATE_PRODUCT = YES;
			};
			name = Release;
		};
		BC9F6E641EB1A7F100EAEEF3 /* Debug */ = {
			isa = XCBuildConfiguration;
			buildSettings = {
				ASSETCATALOG_COMPILER_APPICON_NAME = AppIcon;
				INFOPLIST_FILE = RaceMyCar/Info.plist;
				LD_RUNPATH_SEARCH_PATHS = "$(inherited) @executable_path/Frameworks";
				PRODUCT_BUNDLE_IDENTIFIER = Jbulauan.RaceMyCar;
				PRODUCT_NAME = "$(TARGET_NAME)";
				SWIFT_VERSION = 3.0;
			};
			name = Debug;
		};
		BC9F6E651EB1A7F100EAEEF3 /* Release */ = {
			isa = XCBuildConfiguration;
			buildSettings = {
				ASSETCATALOG_COMPILER_APPICON_NAME = AppIcon;
				INFOPLIST_FILE = RaceMyCar/Info.plist;
				LD_RUNPATH_SEARCH_PATHS = "$(inherited) @executable_path/Frameworks";
				PRODUCT_BUNDLE_IDENTIFIER = Jbulauan.RaceMyCar;
				PRODUCT_NAME = "$(TARGET_NAME)";
				SWIFT_VERSION = 3.0;
			};
			name = Release;
		};
		BC9F6E671EB1A7F100EAEEF3 /* Debug */ = {
			isa = XCBuildConfiguration;
			buildSettings = {
				ALWAYS_EMBED_SWIFT_STANDARD_LIBRARIES = YES;
				BUNDLE_LOADER = "$(TEST_HOST)";
				INFOPLIST_FILE = RaceMyCarTests/Info.plist;
				LD_RUNPATH_SEARCH_PATHS = "$(inherited) @executable_path/Frameworks @loader_path/Frameworks";
				PRODUCT_BUNDLE_IDENTIFIER = Jbulauan.RaceMyCarTests;
				PRODUCT_NAME = "$(TARGET_NAME)";
				SWIFT_VERSION = 3.0;
				TEST_HOST = "$(BUILT_PRODUCTS_DIR)/RaceMyCar.app/RaceMyCar";
			};
			name = Debug;
		};
		BC9F6E681EB1A7F100EAEEF3 /* Release */ = {
			isa = XCBuildConfiguration;
			buildSettings = {
				ALWAYS_EMBED_SWIFT_STANDARD_LIBRARIES = YES;
				BUNDLE_LOADER = "$(TEST_HOST)";
				INFOPLIST_FILE = RaceMyCarTests/Info.plist;
				LD_RUNPATH_SEARCH_PATHS = "$(inherited) @executable_path/Frameworks @loader_path/Frameworks";
				PRODUCT_BUNDLE_IDENTIFIER = Jbulauan.RaceMyCarTests;
				PRODUCT_NAME = "$(TARGET_NAME)";
				SWIFT_VERSION = 3.0;
				TEST_HOST = "$(BUILT_PRODUCTS_DIR)/RaceMyCar.app/RaceMyCar";
			};
			name = Release;
		};
		BC9F6E6A1EB1A7F100EAEEF3 /* Debug */ = {
			isa = XCBuildConfiguration;
			buildSettings = {
				ALWAYS_EMBED_SWIFT_STANDARD_LIBRARIES = YES;
				INFOPLIST_FILE = RaceMyCarUITests/Info.plist;
				LD_RUNPATH_SEARCH_PATHS = "$(inherited) @executable_path/Frameworks @loader_path/Frameworks";
				PRODUCT_BUNDLE_IDENTIFIER = Jbulauan.RaceMyCarUITests;
				PRODUCT_NAME = "$(TARGET_NAME)";
				SWIFT_VERSION = 3.0;
				TEST_TARGET_NAME = RaceMyCar;
			};
			name = Debug;
		};
		BC9F6E6B1EB1A7F100EAEEF3 /* Release */ = {
			isa = XCBuildConfiguration;
			buildSettings = {
				ALWAYS_EMBED_SWIFT_STANDARD_LIBRARIES = YES;
				INFOPLIST_FILE = RaceMyCarUITests/Info.plist;
				LD_RUNPATH_SEARCH_PATHS = "$(inherited) @executable_path/Frameworks @loader_path/Frameworks";
				PRODUCT_BUNDLE_IDENTIFIER = Jbulauan.RaceMyCarUITests;
				PRODUCT_NAME = "$(TARGET_NAME)";
				SWIFT_VERSION = 3.0;
				TEST_TARGET_NAME = RaceMyCar;
			};
			name = Release;
		};
/* End XCBuildConfiguration section */

/* Begin XCConfigurationList section */
		BC9F6E361EB1A7F100EAEEF3 /* Build configuration list for PBXProject "RaceMyCar" */ = {
			isa = XCConfigurationList;
			buildConfigurations = (
				BC9F6E611EB1A7F100EAEEF3 /* Debug */,
				BC9F6E621EB1A7F100EAEEF3 /* Release */,
			);
			defaultConfigurationIsVisible = 0;
			defaultConfigurationName = Release;
		};
		BC9F6E631EB1A7F100EAEEF3 /* Build configuration list for PBXNativeTarget "RaceMyCar" */ = {
			isa = XCConfigurationList;
			buildConfigurations = (
				BC9F6E641EB1A7F100EAEEF3 /* Debug */,
				BC9F6E651EB1A7F100EAEEF3 /* Release */,
			);
			defaultConfigurationIsVisible = 0;
			defaultConfigurationName = Release;
		};
		BC9F6E661EB1A7F100EAEEF3 /* Build configuration list for PBXNativeTarget "RaceMyCarTests" */ = {
			isa = XCConfigurationList;
			buildConfigurations = (
				BC9F6E671EB1A7F100EAEEF3 /* Debug */,
				BC9F6E681EB1A7F100EAEEF3 /* Release */,
			);
			defaultConfigurationIsVisible = 0;
			defaultConfigurationName = Release;
		};
		BC9F6E691EB1A7F100EAEEF3 /* Build configuration list for PBXNativeTarget "RaceMyCarUITests" */ = {
			isa = XCConfigurationList;
			buildConfigurations = (
				BC9F6E6A1EB1A7F100EAEEF3 /* Debug */,
				BC9F6E6B1EB1A7F100EAEEF3 /* Release */,
			);
			defaultConfigurationIsVisible = 0;
			defaultConfigurationName = Release;
		};
/* End XCConfigurationList section */
	};
	rootObject = BC9F6E331EB1A7F100EAEEF3 /* Project object */;
}
